// !$*UTF8*$!
{
	archiveVersion = 1;
	classes = {
	};
	objectVersion = 46;
	objects = {

/* Begin PBXBuildFile section */
		845D1C621E691BE80030BDEE /* AppDelegate.swift in Sources */ = {isa = PBXBuildFile; fileRef = 845D1C611E691BE80030BDEE /* AppDelegate.swift */; };
		845D1C641E691BE80030BDEE /* ViewController.swift in Sources */ = {isa = PBXBuildFile; fileRef = 845D1C631E691BE80030BDEE /* ViewController.swift */; };
		845D1C661E691BE80030BDEE /* Assets.xcassets in Resources */ = {isa = PBXBuildFile; fileRef = 845D1C651E691BE80030BDEE /* Assets.xcassets */; };
		845D1C691E691BE80030BDEE /* Main.storyboard in Resources */ = {isa = PBXBuildFile; fileRef = 845D1C671E691BE80030BDEE /* Main.storyboard */; };
/* End PBXBuildFile section */

/* Begin PBXFileReference section */
		845D1C5E1E691BE80030BDEE /* YJProductCleanImport.app */ = {isa = PBXFileReference; explicitFileType = wrapper.application; includeInIndex = 0; path = YJProductCleanImport.app; sourceTree = BUILT_PRODUCTS_DIR; };
		845D1C611E691BE80030BDEE /* AppDelegate.swift */ = {isa = PBXFileReference; lastKnownFileType = sourcecode.swift; path = AppDelegate.swift; sourceTree = "<group>"; };
		845D1C631E691BE80030BDEE /* ViewController.swift */ = {isa = PBXFileReference; lastKnownFileType = sourcecode.swift; path = ViewController.swift; sourceTree = "<group>"; };
		845D1C651E691BE80030BDEE /* Assets.xcassets */ = {isa = PBXFileReference; lastKnownFileType = folder.assetcatalog; path = Assets.xcassets; sourceTree = "<group>"; };
		845D1C681E691BE80030BDEE /* Base */ = {isa = PBXFileReference; lastKnownFileType = file.storyboard; name = Base; path = Base.lproj/Main.storyboard; sourceTree = "<group>"; };
		845D1C6A1E691BE80030BDEE /* Info.plist */ = {isa = PBXFileReference; lastKnownFileType = text.plist.xml; path = Info.plist; sourceTree = "<group>"; };
/* End PBXFileReference section */

/* Begin PBXFrameworksBuildPhase section */
		845D1C5B1E691BE80030BDEE /* Frameworks */ = {
			isa = PBXFrameworksBuildPhase;
			buildActionMask = 2147483647;
			files = (
			);
			runOnlyForDeploymentPostprocessing = 0;
		};
/* End PBXFrameworksBuildPhase section */

/* Begin PBXGroup section */
		845D1C551E691BE80030BDEE = {
			isa = PBXGroup;
			children = (
				845D1C601E691BE80030BDEE /* YJProductCleanImport */,
				845D1C5F1E691BE80030BDEE /* Products */,
			);
			sourceTree = "<group>";
		};
		845D1C5F1E691BE80030BDEE /* Products */ = {
			isa = PBXGroup;
			children = (
				845D1C5E1E691BE80030BDEE /* YJProductCleanImport.app */,
			);
			name = Products;
			sourceTree = "<group>";
		};
		845D1C601E691BE80030BDEE /* YJProductCleanImport */ = {
			isa = PBXGroup;
			children = (
				845D1C611E691BE80030BDEE /* AppDelegate.swift */,
				845D1C631E691BE80030BDEE /* ViewController.swift */,
				845D1C651E691BE80030BDEE /* Assets.xcassets */,
				845D1C671E691BE80030BDEE /* Main.storyboard */,
				845D1C6A1E691BE80030BDEE /* Info.plist */,
			);
			path = YJProductCleanImport;
			sourceTree = "<group>";
		};
/* End PBXGroup section */

/* Begin PBXNativeTarget section */
		845D1C5D1E691BE80030BDEE /* YJProductCleanImport */ = {
			isa = PBXNativeTarget;
			buildConfigurationList = 845D1C6D1E691BE80030BDEE /* Build configuration list for PBXNativeTarget "YJProductCleanImport" */;
			buildPhases = (
				845D1C5A1E691BE80030BDEE /* Sources */,
				845D1C5B1E691BE80030BDEE /* Frameworks */,
				845D1C5C1E691BE80030BDEE /* Resources */,
			);
			buildRules = (
			);
			dependencies = (
			);
			name = YJProductCleanImport;
			productName = YJProductCleanImport;
			productReference = 845D1C5E1E691BE80030BDEE /* YJProductCleanImport.app */;
			productType = "com.apple.product-type.application";
		};
/* End PBXNativeTarget section */

/* Begin PBXProject section */
		845D1C561E691BE80030BDEE /* Project object */ = {
			isa = PBXProject;
			attributes = {
				LastSwiftUpdateCheck = 0820;
				LastUpgradeCheck = 0820;
				ORGANIZATIONNAME = YJCocoa;
				TargetAttributes = {
					845D1C5D1E691BE80030BDEE = {
						CreatedOnToolsVersion = 8.2.1;
						ProvisioningStyle = Automatic;
					};
				};
			};
			buildConfigurationList = 845D1C591E691BE80030BDEE /* Build configuration list for PBXProject "YJProductCleanImport" */;
			compatibilityVersion = "Xcode 3.2";
			developmentRegion = English;
			hasScannedForEncodings = 0;
			knownRegions = (
				en,
				Base,
			);
			mainGroup = 845D1C551E691BE80030BDEE;
			productRefGroup = 845D1C5F1E691BE80030BDEE /* Products */;
			projectDirPath = "";
			projectRoot = "";
			targets = (
				845D1C5D1E691BE80030BDEE /* YJProductCleanImport */,
			);
		};
/* End PBXProject section */

/* Begin PBXResourcesBuildPhase section */
		845D1C5C1E691BE80030BDEE /* Resources */ = {
			isa = PBXResourcesBuildPhase;
			buildActionMask = 2147483647;
			files = (
				845D1C661E691BE80030BDEE /* Assets.xcassets in Resources */,
				845D1C691E691BE80030BDEE /* Main.storyboard in Resources */,
			);
			runOnlyForDeploymentPostprocessing = 0;
		};
/* End PBXResourcesBuildPhase section */

/* Begin PBXSourcesBuildPhase section */
		845D1C5A1E691BE80030BDEE /* Sources */ = {
			isa = PBXSourcesBuildPhase;
			buildActionMask = 2147483647;
			files = (
				845D1C641E691BE80030BDEE /* ViewController.swift in Sources */,
				845D1C621E691BE80030BDEE /* AppDelegate.swift in Sources */,
			);
			runOnlyForDeploymentPostprocessing = 0;
		};
/* End PBXSourcesBuildPhase section */

/* Begin PBXVariantGroup section */
		845D1C671E691BE80030BDEE /* Main.storyboard */ = {
			isa = PBXVariantGroup;
			children = (
				845D1C681E691BE80030BDEE /* Base */,
			);
			name = Main.storyboard;
			sourceTree = "<group>";
		};
/* End PBXVariantGroup section */

/* Begin XCBuildConfiguration section */
		845D1C6B1E691BE80030BDEE /* Debug */ = {
			isa = XCBuildConfiguration;
			buildSettings = {
				ALWAYS_SEARCH_USER_PATHS = NO;
				CLANG_ANALYZER_NONNULL = YES;
				CLANG_CXX_LANGUAGE_STANDARD = "gnu++0x";
				CLANG_CXX_LIBRARY = "libc++";
				CLANG_ENABLE_MODULES = YES;
				CLANG_ENABLE_OBJC_ARC = YES;
				CLANG_WARN_BOOL_CONVERSION = YES;
				CLANG_WARN_CONSTANT_CONVERSION = YES;
				CLANG_WARN_DIRECT_OBJC_ISA_USAGE = YES_ERROR;
				CLANG_WARN_DOCUMENTATION_COMMENTS = YES;
				CLANG_WARN_EMPTY_BODY = YES;
				CLANG_WARN_ENUM_CONVERSION = YES;
				CLANG_WARN_INFINITE_RECURSION = YES;
				CLANG_WARN_INT_CONVERSION = YES;
				CLANG_WARN_OBJC_ROOT_CLASS = YES_ERROR;
				CLANG_WARN_SUSPICIOUS_MOVE = YES;
				CLANG_WARN_UNREACHABLE_CODE = YES;
				CLANG_WARN__DUPLICATE_METHOD_MATCH = YES;
				CODE_SIGN_IDENTITY = "-";
				COPY_PHASE_STRIP = NO;
				DEBUG_INFORMATION_FORMAT = dwarf;
				ENABLE_STRICT_OBJC_MSGSEND = YES;
				ENABLE_TESTABILITY = YES;
				GCC_C_LANGUAGE_STANDARD = gnu99;
				GCC_DYNAMIC_NO_PIC = NO;
				GCC_NO_COMMON_BLOCKS = YES;
				GCC_OPTIMIZATION_LEVEL = 0;
				GCC_PREPROCESSOR_DEFINITIONS = (
					"DEBUG=1",
					"$(inherited)",
				);
				GCC_WARN_64_TO_32_BIT_CONVERSION = YES;
				GCC_WARN_ABOUT_RETURN_TYPE = YES_ERROR;
				GCC_WARN_UNDECLARED_SELECTOR = YES;
				GCC_WARN_UNINITIALIZED_AUTOS = YES_AGGRESSIVE;
				GCC_WARN_UNUSED_FUNCTION = YES;
				GCC_WARN_UNUSED_VARIABLE = YES;
				MACOSX_DEPLOYMENT_TARGET = 10.12;
				MTL_ENABLE_DEBUG_INFO = YES;
				ONLY_ACTIVE_ARCH = YES;
				SDKROOT = macosx;
				SWIFT_ACTIVE_COMPILATION_CONDITIONS = DEBUG;
				SWIFT_OPTIMIZATION_LEVEL = "-Onone";
			};
			name = Debug;
		};
		845D1C6C1E691BE80030BDEE /* Release */ = {
			isa = XCBuildConfiguration;
			buildSettings = {
				ALWAYS_SEARCH_USER_PATHS = NO;
				CLANG_ANALYZER_NONNULL = YES;
				CLANG_CXX_LANGUAGE_STANDARD = "gnu++0x";
				CLANG_CXX_LIBRARY = "libc++";
				CLANG_ENABLE_MODULES = YES;
				CLANG_ENABLE_OBJC_ARC = YES;
				CLANG_WARN_BOOL_CONVERSION = YES;
				CLANG_WARN_CONSTANT_CONVERSION = YES;
				CLANG_WARN_DIRECT_OBJC_ISA_USAGE = YES_ERROR;
				CLANG_WARN_DOCUMENTATION_COMMENTS = YES;
				CLANG_WARN_EMPTY_BODY = YES;
				CLANG_WARN_ENUM_CONVERSION = YES;
				CLANG_WARN_INFINITE_RECURSION = YES;
				CLANG_WARN_INT_CONVERSION = YES;
				CLANG_WARN_OBJC_ROOT_CLASS = YES_ERROR;
				CLANG_WARN_SUSPICIOUS_MOVE = YES;
				CLANG_WARN_UNREACHABLE_CODE = YES;
				CLANG_WARN__DUPLICATE_METHOD_MATCH = YES;
				CODE_SIGN_IDENTITY = "-";
				COPY_PHASE_STRIP = NO;
				DEBUG_INFORMATION_FORMAT = "dwarf-with-dsym";
				ENABLE_NS_ASSERTIONS = NO;
				ENABLE_STRICT_OBJC_MSGSEND = YES;
				GCC_C_LANGUAGE_STANDARD = gnu99;
				GCC_NO_COMMON_BLOCKS = YES;
				GCC_WARN_64_TO_32_BIT_CONVERSION = YES;
				GCC_WARN_ABOUT_RETURN_TYPE = YES_ERROR;
				GCC_WARN_UNDECLARED_SELECTOR = YES;
				GCC_WARN_UNINITIALIZED_AUTOS = YES_AGGRESSIVE;
				GCC_WARN_UNUSED_FUNCTION = YES;
				GCC_WARN_UNUSED_VARIABLE = YES;
				MACOSX_DEPLOYMENT_TARGET = 10.12;
				MTL_ENABLE_DEBUG_INFO = NO;
				SDKROOT = macosx;
				SWIFT_OPTIMIZATION_LEVEL = "-Owholemodule";
			};
			name = Release;
		};
		845D1C6E1E691BE80030BDEE /* Debug */ = {
			isa = XCBuildConfiguration;
			buildSettings = {
				ASSETCATALOG_COMPILER_APPICON_NAME = AppIcon;
				COMBINE_HIDPI_IMAGES = YES;
				INFOPLIST_FILE = YJProductCleanImport/Info.plist;
				LD_RUNPATH_SEARCH_PATHS = "$(inherited) @executable_path/../Frameworks";
				PRODUCT_BUNDLE_IDENTIFIER = com.YJCocoa.YJProductCleanImport;
				PRODUCT_NAME = "$(TARGET_NAME)";
				SWIFT_VERSION = 3.0;
			};
			name = Debug;
		};
		845D1C6F1E691BE80030BDEE /* Release */ = {
			isa = XCBuildConfiguration;
			buildSettings = {
				ASSETCATALOG_COMPILER_APPICON_NAME = AppIcon;
				COMBINE_HIDPI_IMAGES = YES;
				INFOPLIST_FILE = YJProductCleanImport/Info.plist;
				LD_RUNPATH_SEARCH_PATHS = "$(inherited) @executable_path/../Frameworks";
				PRODUCT_BUNDLE_IDENTIFIER = com.YJCocoa.YJProductCleanImport;
				PRODUCT_NAME = "$(TARGET_NAME)";
				SWIFT_VERSION = 3.0;
			};
			name = Release;
		};
/* End XCBuildConfiguration section */

/* Begin XCConfigurationList section */
		845D1C591E691BE80030BDEE /* Build configuration list for PBXProject "YJProductCleanImport" */ = {
			isa = XCConfigurationList;
			buildConfigurations = (
				845D1C6B1E691BE80030BDEE /* Debug */,
				845D1C6C1E691BE80030BDEE /* Release */,
			);
			defaultConfigurationIsVisible = 0;
			defaultConfigurationName = Release;
		};
		845D1C6D1E691BE80030BDEE /* Build configuration list for PBXNativeTarget "YJProductCleanImport" */ = {
			isa = XCConfigurationList;
			buildConfigurations = (
				845D1C6E1E691BE80030BDEE /* Debug */,
				845D1C6F1E691BE80030BDEE /* Release */,
			);
			defaultConfigurationIsVisible = 0;
		};
/* End XCConfigurationList section */
	};
	rootObject = 845D1C561E691BE80030BDEE /* Project object */;
}
